// !$*UTF8*$!
{
	archiveVersion = 1;
	classes = {
	};
	objectVersion = 50;
	objects = {

/* Begin PBXBuildFile section */
		804BF623248A4D9100528016 /* NSImage+LLED.m in Sources */ = {isa = PBXBuildFile; fileRef = 804BF622248A4D9100528016 /* NSImage+LLED.m */; };
		8052B4732489A62B00344940 /* CaptureSyphon.m in Sources */ = {isa = PBXBuildFile; fileRef = 8052B4722489A62B00344940 /* CaptureSyphon.m */; };
		8052B4762489B04F00344940 /* ImageCapture.m in Sources */ = {isa = PBXBuildFile; fileRef = 8052B4752489B04F00344940 /* ImageCapture.m */; };
		80C309F2248828D7006E218C /* ImageProviderView.swift in Sources */ = {isa = PBXBuildFile; fileRef = 80C309F1248828D7006E218C /* ImageProviderView.swift */; };
		80C309F4248829B6006E218C /* VideoInterfaceView.swift in Sources */ = {isa = PBXBuildFile; fileRef = 80C309F3248829B6006E218C /* VideoInterfaceView.swift */; };
		80C309F624882C32006E218C /* ScreenMode.swift in Sources */ = {isa = PBXBuildFile; fileRef = 80C309F524882C32006E218C /* ScreenMode.swift */; };
		80C309F824882C44006E218C /* VideoEndpoint.swift in Sources */ = {isa = PBXBuildFile; fileRef = 80C309F724882C44006E218C /* VideoEndpoint.swift */; };
		80C309FD24882F74006E218C /* ArtnetProvider.swift in Sources */ = {isa = PBXBuildFile; fileRef = 80C309FC24882F74006E218C /* ArtnetProvider.swift */; };
		80C30A0724883B5E006E218C /* CaptureScreen.m in Sources */ = {isa = PBXBuildFile; fileRef = 80C30A0624883B5E006E218C /* CaptureScreen.m */; };
		80C30A0924893CDC006E218C /* ServerView.swift in Sources */ = {isa = PBXBuildFile; fileRef = 80C30A0824893CDC006E218C /* ServerView.swift */; };
		80C30A0B24894C81006E218C /* REST.swift in Sources */ = {isa = PBXBuildFile; fileRef = 80C30A0A24894C81006E218C /* REST.swift */; };
		80E68F202485831400F47DB1 /* AppDelegate.swift in Sources */ = {isa = PBXBuildFile; fileRef = 80E68F1F2485831400F47DB1 /* AppDelegate.swift */; };
		80E68F222485831400F47DB1 /* ContentView.swift in Sources */ = {isa = PBXBuildFile; fileRef = 80E68F212485831400F47DB1 /* ContentView.swift */; };
		80E68F242485831700F47DB1 /* Assets.xcassets in Resources */ = {isa = PBXBuildFile; fileRef = 80E68F232485831700F47DB1 /* Assets.xcassets */; };
		80E68F272485831700F47DB1 /* Preview Assets.xcassets in Resources */ = {isa = PBXBuildFile; fileRef = 80E68F262485831700F47DB1 /* Preview Assets.xcassets */; };
		80E68F2A2485831700F47DB1 /* Main.storyboard in Resources */ = {isa = PBXBuildFile; fileRef = 80E68F282485831700F47DB1 /* Main.storyboard */; };
		80E68F332485B2F900F47DB1 /* Server.swift in Sources */ = {isa = PBXBuildFile; fileRef = 80E68F322485B2F900F47DB1 /* Server.swift */; };
		80E68F352485B89200F47DB1 /* Foundation+LLED.swift in Sources */ = {isa = PBXBuildFile; fileRef = 80E68F342485B89200F47DB1 /* Foundation+LLED.swift */; };
		80E68F372485B9B800F47DB1 /* SwiftUI+Ports.swift in Sources */ = {isa = PBXBuildFile; fileRef = 80E68F362485B9B800F47DB1 /* SwiftUI+Ports.swift */; };
/* End PBXBuildFile section */

/* Begin PBXFileReference section */
		804BF622248A4D9100528016 /* NSImage+LLED.m */ = {isa = PBXFileReference; lastKnownFileType = sourcecode.c.objc; path = "NSImage+LLED.m"; sourceTree = "<group>"; };
		8052B4712489A62B00344940 /* CaptureSyphon.h */ = {isa = PBXFileReference; lastKnownFileType = sourcecode.c.h; path = CaptureSyphon.h; sourceTree = "<group>"; };
		8052B4722489A62B00344940 /* CaptureSyphon.m */ = {isa = PBXFileReference; lastKnownFileType = sourcecode.c.objc; path = CaptureSyphon.m; sourceTree = "<group>"; };
		8052B4742489B04F00344940 /* ImageCapture.h */ = {isa = PBXFileReference; lastKnownFileType = sourcecode.c.h; path = ImageCapture.h; sourceTree = "<group>"; };
		8052B4752489B04F00344940 /* ImageCapture.m */ = {isa = PBXFileReference; lastKnownFileType = sourcecode.c.objc; path = ImageCapture.m; sourceTree = "<group>"; };
		80C309F1248828D7006E218C /* ImageProviderView.swift */ = {isa = PBXFileReference; lastKnownFileType = sourcecode.swift; path = ImageProviderView.swift; sourceTree = "<group>"; };
		80C309F3248829B6006E218C /* VideoInterfaceView.swift */ = {isa = PBXFileReference; lastKnownFileType = sourcecode.swift; path = VideoInterfaceView.swift; sourceTree = "<group>"; };
		80C309F524882C32006E218C /* ScreenMode.swift */ = {isa = PBXFileReference; lastKnownFileType = sourcecode.swift; path = ScreenMode.swift; sourceTree = "<group>"; };
		80C309F724882C44006E218C /* VideoEndpoint.swift */ = {isa = PBXFileReference; lastKnownFileType = sourcecode.swift; path = VideoEndpoint.swift; sourceTree = "<group>"; };
		80C309FC24882F74006E218C /* ArtnetProvider.swift */ = {isa = PBXFileReference; lastKnownFileType = sourcecode.swift; path = ArtnetProvider.swift; sourceTree = "<group>"; };
		80C30A0424883B5E006E218C /* LLED Client-Bridging-Header.h */ = {isa = PBXFileReference; lastKnownFileType = sourcecode.c.h; path = "LLED Client-Bridging-Header.h"; sourceTree = "<group>"; };
		80C30A0524883B5E006E218C /* CaptureScreen.h */ = {isa = PBXFileReference; lastKnownFileType = sourcecode.c.h; path = CaptureScreen.h; sourceTree = "<group>"; };
		80C30A0624883B5E006E218C /* CaptureScreen.m */ = {isa = PBXFileReference; lastKnownFileType = sourcecode.c.objc; path = CaptureScreen.m; sourceTree = "<group>"; };
		80C30A0824893CDC006E218C /* ServerView.swift */ = {isa = PBXFileReference; lastKnownFileType = sourcecode.swift; path = ServerView.swift; sourceTree = "<group>"; };
		80C30A0A24894C81006E218C /* REST.swift */ = {isa = PBXFileReference; lastKnownFileType = sourcecode.swift; path = REST.swift; sourceTree = "<group>"; };
		80C30A0C24895758006E218C /* NSImage+LLED.h */ = {isa = PBXFileReference; lastKnownFileType = sourcecode.c.h; path = "NSImage+LLED.h"; sourceTree = "<group>"; };
		80E68F1C2485831400F47DB1 /* LLED Client.app */ = {isa = PBXFileReference; explicitFileType = wrapper.application; includeInIndex = 0; path = "LLED Client.app"; sourceTree = BUILT_PRODUCTS_DIR; };
		80E68F1F2485831400F47DB1 /* AppDelegate.swift */ = {isa = PBXFileReference; lastKnownFileType = sourcecode.swift; path = AppDelegate.swift; sourceTree = "<group>"; };
		80E68F212485831400F47DB1 /* ContentView.swift */ = {isa = PBXFileReference; lastKnownFileType = sourcecode.swift; path = ContentView.swift; sourceTree = "<group>"; };
		80E68F232485831700F47DB1 /* Assets.xcassets */ = {isa = PBXFileReference; lastKnownFileType = folder.assetcatalog; path = Assets.xcassets; sourceTree = "<group>"; };
		80E68F262485831700F47DB1 /* Preview Assets.xcassets */ = {isa = PBXFileReference; lastKnownFileType = folder.assetcatalog; path = "Preview Assets.xcassets"; sourceTree = "<group>"; };
		80E68F292485831700F47DB1 /* Base */ = {isa = PBXFileReference; lastKnownFileType = file.storyboard; name = Base; path = Base.lproj/Main.storyboard; sourceTree = "<group>"; };
		80E68F2B2485831700F47DB1 /* Info.plist */ = {isa = PBXFileReference; lastKnownFileType = text.plist.xml; path = Info.plist; sourceTree = "<group>"; };
		80E68F2C2485831700F47DB1 /* LLED_Client.entitlements */ = {isa = PBXFileReference; lastKnownFileType = text.plist.entitlements; path = LLED_Client.entitlements; sourceTree = "<group>"; };
		80E68F322485B2F900F47DB1 /* Server.swift */ = {isa = PBXFileReference; lastKnownFileType = sourcecode.swift; path = Server.swift; sourceTree = "<group>"; };
		80E68F342485B89200F47DB1 /* Foundation+LLED.swift */ = {isa = PBXFileReference; lastKnownFileType = sourcecode.swift; path = "Foundation+LLED.swift"; sourceTree = "<group>"; };
		80E68F362485B9B800F47DB1 /* SwiftUI+Ports.swift */ = {isa = PBXFileReference; lastKnownFileType = sourcecode.swift; path = "SwiftUI+Ports.swift"; sourceTree = "<group>"; };
/* End PBXFileReference section */

/* Begin PBXFrameworksBuildPhase section */
		80E68F192485831400F47DB1 /* Frameworks */ = {
			isa = PBXFrameworksBuildPhase;
			buildActionMask = 2147483647;
			files = (
			);
			runOnlyForDeploymentPostprocessing = 0;
		};
/* End PBXFrameworksBuildPhase section */

/* Begin PBXGroup section */
		80C309F924882E7D006E218C /* View */ = {
			isa = PBXGroup;
			children = (
				80E68F212485831400F47DB1 /* ContentView.swift */,
				80C30A0824893CDC006E218C /* ServerView.swift */,
				80C309F3248829B6006E218C /* VideoInterfaceView.swift */,
				80C309F1248828D7006E218C /* ImageProviderView.swift */,
			);
			path = View;
			sourceTree = "<group>";
		};
		80C309FA24882E89006E218C /* Server */ = {
			isa = PBXGroup;
			children = (
				80E68F322485B2F900F47DB1 /* Server.swift */,
				80C309F524882C32006E218C /* ScreenMode.swift */,
				80C309F724882C44006E218C /* VideoEndpoint.swift */,
				80C309FC24882F74006E218C /* ArtnetProvider.swift */,
				80C30A0A24894C81006E218C /* REST.swift */,
			);
			path = Server;
			sourceTree = "<group>";
		};
		80C309FB24882E90006E218C /* Extensions */ = {
			isa = PBXGroup;
			children = (
				80E68F342485B89200F47DB1 /* Foundation+LLED.swift */,
				80E68F362485B9B800F47DB1 /* SwiftUI+Ports.swift */,
			);
			path = Extensions;
			sourceTree = "<group>";
		};
		80C309FF24883AC1006E218C /* Capture */ = {
			isa = PBXGroup;
			children = (
				8052B4742489B04F00344940 /* ImageCapture.h */,
				8052B4752489B04F00344940 /* ImageCapture.m */,
				80C30A0524883B5E006E218C /* CaptureScreen.h */,
				80C30A0624883B5E006E218C /* CaptureScreen.m */,
				8052B4712489A62B00344940 /* CaptureSyphon.h */,
				8052B4722489A62B00344940 /* CaptureSyphon.m */,
				80C30A0C24895758006E218C /* NSImage+LLED.h */,
				804BF622248A4D9100528016 /* NSImage+LLED.m */,
				80C30A0424883B5E006E218C /* LLED Client-Bridging-Header.h */,
			);
			path = Capture;
			sourceTree = "<group>";
		};
		80E68F132485831400F47DB1 = {
			isa = PBXGroup;
			children = (
				80E68F1E2485831400F47DB1 /* LLED Client */,
				80E68F1D2485831400F47DB1 /* Products */,
			);
			sourceTree = "<group>";
		};
		80E68F1D2485831400F47DB1 /* Products */ = {
			isa = PBXGroup;
			children = (
				80E68F1C2485831400F47DB1 /* LLED Client.app */,
			);
			name = Products;
			sourceTree = "<group>";
		};
		80E68F1E2485831400F47DB1 /* LLED Client */ = {
			isa = PBXGroup;
			children = (
				80E68F1F2485831400F47DB1 /* AppDelegate.swift */,
				80C309F924882E7D006E218C /* View */,
				80C309FA24882E89006E218C /* Server */,
				80C309FF24883AC1006E218C /* Capture */,
				80C309FB24882E90006E218C /* Extensions */,
				80E68F232485831700F47DB1 /* Assets.xcassets */,
				80E68F282485831700F47DB1 /* Main.storyboard */,
				80E68F2B2485831700F47DB1 /* Info.plist */,
				80E68F2C2485831700F47DB1 /* LLED_Client.entitlements */,
				80E68F252485831700F47DB1 /* Preview Content */,
			);
			path = "LLED Client";
			sourceTree = "<group>";
		};
		80E68F252485831700F47DB1 /* Preview Content */ = {
			isa = PBXGroup;
			children = (
				80E68F262485831700F47DB1 /* Preview Assets.xcassets */,
			);
			path = "Preview Content";
			sourceTree = "<group>";
		};
/* End PBXGroup section */

/* Begin PBXNativeTarget section */
		80E68F1B2485831400F47DB1 /* LLED Client */ = {
			isa = PBXNativeTarget;
			buildConfigurationList = 80E68F2F2485831700F47DB1 /* Build configuration list for PBXNativeTarget "LLED Client" */;
			buildPhases = (
				80E68F182485831400F47DB1 /* Sources */,
				80E68F192485831400F47DB1 /* Frameworks */,
				80E68F1A2485831400F47DB1 /* Resources */,
			);
			buildRules = (
			);
			dependencies = (
			);
			name = "LLED Client";
			productName = "LLED Client";
			productReference = 80E68F1C2485831400F47DB1 /* LLED Client.app */;
			productType = "com.apple.product-type.application";
		};
/* End PBXNativeTarget section */

/* Begin PBXProject section */
		80E68F142485831400F47DB1 /* Project object */ = {
			isa = PBXProject;
			attributes = {
				LastSwiftUpdateCheck = 1150;
				LastUpgradeCheck = 1150;
				ORGANIZATIONNAME = "Lukas Tenbrink";
				TargetAttributes = {
					80E68F1B2485831400F47DB1 = {
						CreatedOnToolsVersion = 11.5;
						LastSwiftMigration = 1150;
					};
				};
			};
			buildConfigurationList = 80E68F172485831400F47DB1 /* Build configuration list for PBXProject "LLED Client" */;
			compatibilityVersion = "Xcode 9.3";
			developmentRegion = en;
			hasScannedForEncodings = 0;
			knownRegions = (
				en,
				Base,
			);
			mainGroup = 80E68F132485831400F47DB1;
			productRefGroup = 80E68F1D2485831400F47DB1 /* Products */;
			projectDirPath = "";
			projectRoot = "";
			targets = (
				80E68F1B2485831400F47DB1 /* LLED Client */,
			);
		};
/* End PBXProject section */

/* Begin PBXResourcesBuildPhase section */
		80E68F1A2485831400F47DB1 /* Resources */ = {
			isa = PBXResourcesBuildPhase;
			buildActionMask = 2147483647;
			files = (
				80E68F2A2485831700F47DB1 /* Main.storyboard in Resources */,
				80E68F272485831700F47DB1 /* Preview Assets.xcassets in Resources */,
				80E68F242485831700F47DB1 /* Assets.xcassets in Resources */,
			);
			runOnlyForDeploymentPostprocessing = 0;
		};
/* End PBXResourcesBuildPhase section */

/* Begin PBXSourcesBuildPhase section */
		80E68F182485831400F47DB1 /* Sources */ = {
			isa = PBXSourcesBuildPhase;
			buildActionMask = 2147483647;
			files = (
				80C309F624882C32006E218C /* ScreenMode.swift in Sources */,
				80C309F824882C44006E218C /* VideoEndpoint.swift in Sources */,
				80C309FD24882F74006E218C /* ArtnetProvider.swift in Sources */,
				8052B4732489A62B00344940 /* CaptureSyphon.m in Sources */,
				80E68F222485831400F47DB1 /* ContentView.swift in Sources */,
				80C30A0B24894C81006E218C /* REST.swift in Sources */,
				80E68F202485831400F47DB1 /* AppDelegate.swift in Sources */,
				80C309F2248828D7006E218C /* ImageProviderView.swift in Sources */,
				80E68F372485B9B800F47DB1 /* SwiftUI+Ports.swift in Sources */,
				804BF623248A4D9100528016 /* NSImage+LLED.m in Sources */,
				80E68F332485B2F900F47DB1 /* Server.swift in Sources */,
				80C30A0724883B5E006E218C /* CaptureScreen.m in Sources */,
				80C30A0924893CDC006E218C /* ServerView.swift in Sources */,
				80C309F4248829B6006E218C /* VideoInterfaceView.swift in Sources */,
				8052B4762489B04F00344940 /* ImageCapture.m in Sources */,
				80E68F352485B89200F47DB1 /* Foundation+LLED.swift in Sources */,
			);
			runOnlyForDeploymentPostprocessing = 0;
		};
/* End PBXSourcesBuildPhase section */

/* Begin PBXVariantGroup section */
		80E68F282485831700F47DB1 /* Main.storyboard */ = {
			isa = PBXVariantGroup;
			children = (
				80E68F292485831700F47DB1 /* Base */,
			);
			name = Main.storyboard;
			sourceTree = "<group>";
		};
/* End PBXVariantGroup section */

/* Begin XCBuildConfiguration section */
		80E68F2D2485831700F47DB1 /* Debug */ = {
			isa = XCBuildConfiguration;
			buildSettings = {
				ALWAYS_SEARCH_USER_PATHS = NO;
				CLANG_ANALYZER_NONNULL = YES;
				CLANG_ANALYZER_NUMBER_OBJECT_CONVERSION = YES_AGGRESSIVE;
				CLANG_CXX_LANGUAGE_STANDARD = "gnu++14";
				CLANG_CXX_LIBRARY = "libc++";
				CLANG_ENABLE_MODULES = YES;
				CLANG_ENABLE_OBJC_ARC = YES;
				CLANG_ENABLE_OBJC_WEAK = YES;
				CLANG_WARN_BLOCK_CAPTURE_AUTORELEASING = YES;
				CLANG_WARN_BOOL_CONVERSION = YES;
				CLANG_WARN_COMMA = YES;
				CLANG_WARN_CONSTANT_CONVERSION = YES;
				CLANG_WARN_DEPRECATED_OBJC_IMPLEMENTATIONS = YES;
				CLANG_WARN_DIRECT_OBJC_ISA_USAGE = YES_ERROR;
				CLANG_WARN_DOCUMENTATION_COMMENTS = YES;
				CLANG_WARN_EMPTY_BODY = YES;
				CLANG_WARN_ENUM_CONVERSION = YES;
				CLANG_WARN_INFINITE_RECURSION = YES;
				CLANG_WARN_INT_CONVERSION = YES;
				CLANG_WARN_NON_LITERAL_NULL_CONVERSION = YES;
				CLANG_WARN_OBJC_IMPLICIT_RETAIN_SELF = YES;
				CLANG_WARN_OBJC_LITERAL_CONVERSION = YES;
				CLANG_WARN_OBJC_ROOT_CLASS = YES_ERROR;
				CLANG_WARN_RANGE_LOOP_ANALYSIS = YES;
				CLANG_WARN_STRICT_PROTOTYPES = YES;
				CLANG_WARN_SUSPICIOUS_MOVE = YES;
				CLANG_WARN_UNGUARDED_AVAILABILITY = YES_AGGRESSIVE;
				CLANG_WARN_UNREACHABLE_CODE = YES;
				CLANG_WARN__DUPLICATE_METHOD_MATCH = YES;
				COPY_PHASE_STRIP = NO;
				DEBUG_INFORMATION_FORMAT = dwarf;
				ENABLE_STRICT_OBJC_MSGSEND = YES;
				ENABLE_TESTABILITY = YES;
				GCC_C_LANGUAGE_STANDARD = gnu11;
				GCC_DYNAMIC_NO_PIC = NO;
				GCC_NO_COMMON_BLOCKS = YES;
				GCC_OPTIMIZATION_LEVEL = 0;
				GCC_PREPROCESSOR_DEFINITIONS = (
					"DEBUG=1",
					"$(inherited)",
				);
				GCC_WARN_64_TO_32_BIT_CONVERSION = YES;
				GCC_WARN_ABOUT_RETURN_TYPE = YES_ERROR;
				GCC_WARN_UNDECLARED_SELECTOR = YES;
				GCC_WARN_UNINITIALIZED_AUTOS = YES_AGGRESSIVE;
				GCC_WARN_UNUSED_FUNCTION = YES;
				GCC_WARN_UNUSED_VARIABLE = YES;
				MACOSX_DEPLOYMENT_TARGET = 10.15;
				MTL_ENABLE_DEBUG_INFO = INCLUDE_SOURCE;
				MTL_FAST_MATH = YES;
				ONLY_ACTIVE_ARCH = YES;
				SDKROOT = macosx;
				SWIFT_ACTIVE_COMPILATION_CONDITIONS = DEBUG;
				SWIFT_OPTIMIZATION_LEVEL = "-Onone";
			};
			name = Debug;
		};
		80E68F2E2485831700F47DB1 /* Release */ = {
			isa = XCBuildConfiguration;
			buildSettings = {
				ALWAYS_SEARCH_USER_PATHS = NO;
				CLANG_ANALYZER_NONNULL = YES;
				CLANG_ANALYZER_NUMBER_OBJECT_CONVERSION = YES_AGGRESSIVE;
				CLANG_CXX_LANGUAGE_STANDARD = "gnu++14";
				CLANG_CXX_LIBRARY = "libc++";
				CLANG_ENABLE_MODULES = YES;
				CLANG_ENABLE_OBJC_ARC = YES;
				CLANG_ENABLE_OBJC_WEAK = YES;
				CLANG_WARN_BLOCK_CAPTURE_AUTORELEASING = YES;
				CLANG_WARN_BOOL_CONVERSION = YES;
				CLANG_WARN_COMMA = YES;
				CLANG_WARN_CONSTANT_CONVERSION = YES;
				CLANG_WARN_DEPRECATED_OBJC_IMPLEMENTATIONS = YES;
				CLANG_WARN_DIRECT_OBJC_ISA_USAGE = YES_ERROR;
				CLANG_WARN_DOCUMENTATION_COMMENTS = YES;
				CLANG_WARN_EMPTY_BODY = YES;
				CLANG_WARN_ENUM_CONVERSION = YES;
				CLANG_WARN_INFINITE_RECURSION = YES;
				CLANG_WARN_INT_CONVERSION = YES;
				CLANG_WARN_NON_LITERAL_NULL_CONVERSION = YES;
				CLANG_WARN_OBJC_IMPLICIT_RETAIN_SELF = YES;
				CLANG_WARN_OBJC_LITERAL_CONVERSION = YES;
				CLANG_WARN_OBJC_ROOT_CLASS = YES_ERROR;
				CLANG_WARN_RANGE_LOOP_ANALYSIS = YES;
				CLANG_WARN_STRICT_PROTOTYPES = YES;
				CLANG_WARN_SUSPICIOUS_MOVE = YES;
				CLANG_WARN_UNGUARDED_AVAILABILITY = YES_AGGRESSIVE;
				CLANG_WARN_UNREACHABLE_CODE = YES;
				CLANG_WARN__DUPLICATE_METHOD_MATCH = YES;
				COPY_PHASE_STRIP = NO;
				DEBUG_INFORMATION_FORMAT = "dwarf-with-dsym";
				ENABLE_NS_ASSERTIONS = NO;
				ENABLE_STRICT_OBJC_MSGSEND = YES;
				GCC_C_LANGUAGE_STANDARD = gnu11;
				GCC_NO_COMMON_BLOCKS = YES;
				GCC_WARN_64_TO_32_BIT_CONVERSION = YES;
				GCC_WARN_ABOUT_RETURN_TYPE = YES_ERROR;
				GCC_WARN_UNDECLARED_SELECTOR = YES;
				GCC_WARN_UNINITIALIZED_AUTOS = YES_AGGRESSIVE;
				GCC_WARN_UNUSED_FUNCTION = YES;
				GCC_WARN_UNUSED_VARIABLE = YES;
				MACOSX_DEPLOYMENT_TARGET = 10.15;
				MTL_ENABLE_DEBUG_INFO = NO;
				MTL_FAST_MATH = YES;
				SDKROOT = macosx;
				SWIFT_COMPILATION_MODE = wholemodule;
				SWIFT_OPTIMIZATION_LEVEL = "-O";
			};
			name = Release;
		};
		80E68F302485831700F47DB1 /* Debug */ = {
			isa = XCBuildConfiguration;
			buildSettings = {
				ASSETCATALOG_COMPILER_APPICON_NAME = AppIcon;
				CLANG_ENABLE_MODULES = YES;
				CODE_SIGN_ENTITLEMENTS = "LLED Client/LLED_Client.entitlements";
				CODE_SIGN_STYLE = Automatic;
				COMBINE_HIDPI_IMAGES = YES;
				DEVELOPMENT_ASSET_PATHS = "\"LLED Client/Preview Content\"";
				DEVELOPMENT_TEAM = 5GU22J823J;
				ENABLE_HARDENED_RUNTIME = YES;
				ENABLE_PREVIEWS = YES;
				INFOPLIST_FILE = "LLED Client/Info.plist";
				LD_RUNPATH_SEARCH_PATHS = (
					"$(inherited)",
					"@executable_path/../Frameworks",
				);
				MACOSX_DEPLOYMENT_TARGET = 10.15;
				PRODUCT_BUNDLE_IDENTIFIER = "ivorius.LLED-Client";
				PRODUCT_NAME = "$(TARGET_NAME)";
				SWIFT_OBJC_BRIDGING_HEADER = "LLED Client/Capture/LLED Client-Bridging-Header.h";
				SWIFT_OPTIMIZATION_LEVEL = "-Onone";
				SWIFT_VERSION = 5.0;
			};
			name = Debug;
		};
		80E68F312485831700F47DB1 /* Release */ = {
			isa = XCBuildConfiguration;
			buildSettings = {
				ASSETCATALOG_COMPILER_APPICON_NAME = AppIcon;
				CLANG_ENABLE_MODULES = YES;
				CODE_SIGN_ENTITLEMENTS = "LLED Client/LLED_Client.entitlements";
				CODE_SIGN_STYLE = Automatic;
				COMBINE_HIDPI_IMAGES = YES;
				DEVELOPMENT_ASSET_PATHS = "\"LLED Client/Preview Content\"";
				DEVELOPMENT_TEAM = 5GU22J823J;
				ENABLE_HARDENED_RUNTIME = YES;
				ENABLE_PREVIEWS = YES;
				INFOPLIST_FILE = "LLED Client/Info.plist";
				LD_RUNPATH_SEARCH_PATHS = (
					"$(inherited)",
					"@executable_path/../Frameworks",
				);
				MACOSX_DEPLOYMENT_TARGET = 10.15;
				PRODUCT_BUNDLE_IDENTIFIER = "ivorius.LLED-Client";
				PRODUCT_NAME = "$(TARGET_NAME)";
				SWIFT_OBJC_BRIDGING_HEADER = "LLED Client/Capture/LLED Client-Bridging-Header.h";
				SWIFT_VERSION = 5.0;
			};
			name = Release;
		};
/* End XCBuildConfiguration section */

/* Begin XCConfigurationList section */
		80E68F172485831400F47DB1 /* Build configuration list for PBXProject "LLED Client" */ = {
			isa = XCConfigurationList;
			buildConfigurations = (
				80E68F2D2485831700F47DB1 /* Debug */,
				80E68F2E2485831700F47DB1 /* Release */,
			);
			defaultConfigurationIsVisible = 0;
			defaultConfigurationName = Release;
		};
		80E68F2F2485831700F47DB1 /* Build configuration list for PBXNativeTarget "LLED Client" */ = {
			isa = XCConfigurationList;
			buildConfigurations = (
				80E68F302485831700F47DB1 /* Debug */,
				80E68F312485831700F47DB1 /* Release */,
			);
			defaultConfigurationIsVisible = 0;
			defaultConfigurationName = Release;
		};
/* End XCConfigurationList section */
	};
	rootObject = 80E68F142485831400F47DB1 /* Project object */;
}
